
Microsoft Visual Studio Solution File, Format Version 12.00
# Visual Studio Version 17
VisualStudioVersion = 17.14.36221.1 d17.14
MinimumVisualStudioVersion = 10.0.40219.1
Project("{FAE04EC0-301F-11D3-BF4B-00C04F79EFBC}") = "arrow123", "arrow123.csproj", "{8B2E941A-17D6-4080-BE7D-F423E309667D}"
EndProject
Global
	GlobalSection(SolutionConfigurationPlatforms) = preSolution
		Debug|Any CPU = Debug|Any CPU
		Release|Any CPU = Release|Any CPU
	EndGlobalSection
	GlobalSection(ProjectConfigurationPlatforms) = postSolution
		{8B2E941A-17D6-4080-BE7D-F423E309667D}.Debug|Any CPU.ActiveCfg = Debug|Any CPU
		{8B2E941A-17D6-4080-BE7D-F423E309667D}.Debug|Any CPU.Build.0 = Debug|Any CPU
		{8B2E941A-17D6-4080-BE7D-F423E309667D}.Release|Any CPU.ActiveCfg = Release|Any CPU
		{8B2E941A-17D6-4080-BE7D-F423E309667D}.Release|Any CPU.Build.0 = Release|Any CPU
	EndGlobalSection
	GlobalSection(SolutionProperties) = preSolution
		HideSolutionNode = FALSE
	EndGlobalSection
	GlobalSection(ExtensibilityGlobals) = postSolution
		SolutionGuid = {1975FB9D-2464-460D-8960-928B89AFB156}
	EndGlobalSection
EndGlobal
